{
  "name": "eochat",
  "version": "1.0.0",
  "lockfileVersion": 3,
  "requires": true,
  "packages": {
    "": {
      "name": "eochat",
      "version": "1.0.0",
      "hasInstallScript": true,
      "license": "MIT",
      "dependencies": {
        "@eoreader/engine": "file:../eoreader6/packages/engine",
        "@eoreader/host": "file:../eoreader6/packages/host",
        "@eoreader/spec": "file:../eoreader6/packages/spec"
      }
    },
    "../eoreader6/packages/engine": {
      "name": "@eoreader/engine",
      "version": "6.0.0"
    },
    "../eoreader6/packages/host": {
      "name": "@eoreader/host",
      "version": "6.0.0"
    },
    "../eoreader6/packages/spec": {
      "name": "@eoreader/spec",
      "version": "6.0.0"
    },
    "node_modules/@eoreader/engine": {
      "resolved": "../eoreader6/packages/engine",
      "link": true
    },
    "node_modules/@eoreader/host": {
      "resolved": "../eoreader6/packages/host",
      "link": true
    },
    "node_modules/@eoreader/spec": {
      "resolved": "../eoreader6/packages/spec",
      "link": true
    },
    "vendor/eoreader5/packages/engine": {
      "name": "@eoreader/engine",
      "version": "0.1.0",
      "extraneous": true,
      "dependencies": {
        "@eoreader/spec": "*"
      }
    },
    "vendor/eoreader5/packages/host": {
      "name": "@eoreader/host",
      "version": "0.1.0",
      "extraneous": true,
      "dependencies": {
        "@eoreader/engine": "*",
        "@eoreader/spec": "*"
      }
    },
    "vendor/eoreader5/packages/spec": {
      "name": "@eoreader/spec",
      "version": "0.1.0",
      "extraneous": true
    }
  }
}
